// !$*UTF8*$!
{
	archiveVersion = 1;
	classes = {
	};
	objectVersion = 50;
	objects = {

/* Begin PBXBuildFile section */
		98258A2F2671D8C600567BC4 /* AppDelegate.m in Sources */ = {isa = PBXBuildFile; fileRef = 98258A2E2671D8C600567BC4 /* AppDelegate.m */; };
		98258A322671D8C600567BC4 /* SceneDelegate.m in Sources */ = {isa = PBXBuildFile; fileRef = 98258A312671D8C600567BC4 /* SceneDelegate.m */; };
		98258A352671D8C600567BC4 /* ViewController.m in Sources */ = {isa = PBXBuildFile; fileRef = 98258A342671D8C600567BC4 /* ViewController.m */; };
		98258A382671D8C600567BC4 /* Main.storyboard in Resources */ = {isa = PBXBuildFile; fileRef = 98258A362671D8C600567BC4 /* Main.storyboard */; };
		98258A3A2671D8C800567BC4 /* Assets.xcassets in Resources */ = {isa = PBXBuildFile; fileRef = 98258A392671D8C800567BC4 /* Assets.xcassets */; };
		98258A3D2671D8C800567BC4 /* LaunchScreen.storyboard in Resources */ = {isa = PBXBuildFile; fileRef = 98258A3B2671D8C800567BC4 /* LaunchScreen.storyboard */; };
		98258A402671D8C800567BC4 /* main.m in Sources */ = {isa = PBXBuildFile; fileRef = 98258A3F2671D8C800567BC4 /* main.m */; };
		98258A4D2671DB7100567BC4 /* Factor.m in Sources */ = {isa = PBXBuildFile; fileRef = 98258A4C2671DB7100567BC4 /* Factor.m */; };
		98284AD2268796600018AE4D /* MapKit.framework in Frameworks */ = {isa = PBXBuildFile; fileRef = 98284AD12687965F0018AE4D /* MapKit.framework */; };
		98D4CF98269FF8AE00E360C9 /* MKCoordinateRegion+Extension.swift in Sources */ = {isa = PBXBuildFile; fileRef = 98D4CF97269FF8AE00E360C9 /* MKCoordinateRegion+Extension.swift */; };
		98D4CF9C269FFE3400E360C9 /* DashView.swift in Sources */ = {isa = PBXBuildFile; fileRef = 98D4CF9B269FFE3400E360C9 /* DashView.swift */; };
		98D4CF9E26A37DD800E360C9 /* Profile ViewViewController.swift in Sources */ = {isa = PBXBuildFile; fileRef = 98D4CF9D26A37DD800E360C9 /* Profile ViewViewController.swift */; };
		98D4CFA026A385E100E360C9 /* ConnectionsView.swift in Sources */ = {isa = PBXBuildFile; fileRef = 98D4CF9F26A385E100E360C9 /* ConnectionsView.swift */; };
		98D4CFA226A385ED00E360C9 /* Settings View.swift in Sources */ = {isa = PBXBuildFile; fileRef = 98D4CFA126A385ED00E360C9 /* Settings View.swift */; };
		98D4CFA526A386F600E360C9 /* usr_obj.m in Sources */ = {isa = PBXBuildFile; fileRef = 98D4CFA426A386F600E360C9 /* usr_obj.m */; };
/* End PBXBuildFile section */

/* Begin PBXFileReference section */
		98258A2A2671D8C600567BC4 /* Loot.app */ = {isa = PBXFileReference; explicitFileType = wrapper.application; includeInIndex = 0; path = Loot.app; sourceTree = BUILT_PRODUCTS_DIR; };
		98258A2D2671D8C600567BC4 /* AppDelegate.h */ = {isa = PBXFileReference; lastKnownFileType = sourcecode.c.h; path = AppDelegate.h; sourceTree = "<group>"; };
		98258A2E2671D8C600567BC4 /* AppDelegate.m */ = {isa = PBXFileReference; lastKnownFileType = sourcecode.c.objc; path = AppDelegate.m; sourceTree = "<group>"; };
		98258A302671D8C600567BC4 /* SceneDelegate.h */ = {isa = PBXFileReference; lastKnownFileType = sourcecode.c.h; path = SceneDelegate.h; sourceTree = "<group>"; };
		98258A312671D8C600567BC4 /* SceneDelegate.m */ = {isa = PBXFileReference; lastKnownFileType = sourcecode.c.objc; path = SceneDelegate.m; sourceTree = "<group>"; };
		98258A332671D8C600567BC4 /* ViewController.h */ = {isa = PBXFileReference; lastKnownFileType = sourcecode.c.h; path = ViewController.h; sourceTree = "<group>"; };
		98258A342671D8C600567BC4 /* ViewController.m */ = {isa = PBXFileReference; lastKnownFileType = sourcecode.c.objc; path = ViewController.m; sourceTree = "<group>"; };
		98258A372671D8C600567BC4 /* Base */ = {isa = PBXFileReference; lastKnownFileType = file.storyboard; name = Base; path = Base.lproj/Main.storyboard; sourceTree = "<group>"; };
		98258A392671D8C800567BC4 /* Assets.xcassets */ = {isa = PBXFileReference; lastKnownFileType = folder.assetcatalog; path = Assets.xcassets; sourceTree = "<group>"; };
		98258A3C2671D8C800567BC4 /* Base */ = {isa = PBXFileReference; lastKnownFileType = file.storyboard; name = Base; path = Base.lproj/LaunchScreen.storyboard; sourceTree = "<group>"; };
		98258A3E2671D8C800567BC4 /* Info.plist */ = {isa = PBXFileReference; lastKnownFileType = text.plist.xml; path = Info.plist; sourceTree = "<group>"; };
		98258A3F2671D8C800567BC4 /* main.m */ = {isa = PBXFileReference; lastKnownFileType = sourcecode.c.objc; path = main.m; sourceTree = "<group>"; };
		98258A472671DB0800567BC4 /* Loot-Bridging-Header.h */ = {isa = PBXFileReference; lastKnownFileType = sourcecode.c.h; path = "Loot-Bridging-Header.h"; sourceTree = "<group>"; };
		98258A4B2671DB6300567BC4 /* Factor.h */ = {isa = PBXFileReference; lastKnownFileType = sourcecode.c.h; path = Factor.h; sourceTree = "<group>"; };
		98258A4C2671DB7100567BC4 /* Factor.m */ = {isa = PBXFileReference; lastKnownFileType = sourcecode.c.objc; path = Factor.m; sourceTree = "<group>"; };
		98284AD12687965F0018AE4D /* MapKit.framework */ = {isa = PBXFileReference; lastKnownFileType = wrapper.framework; name = MapKit.framework; path = System/Library/Frameworks/MapKit.framework; sourceTree = SDKROOT; };
		98D4CF97269FF8AE00E360C9 /* MKCoordinateRegion+Extension.swift */ = {isa = PBXFileReference; lastKnownFileType = sourcecode.swift; path = "MKCoordinateRegion+Extension.swift"; sourceTree = "<group>"; };
		98D4CF9B269FFE3400E360C9 /* DashView.swift */ = {isa = PBXFileReference; lastKnownFileType = sourcecode.swift; path = DashView.swift; sourceTree = "<group>"; };
		98D4CF9D26A37DD800E360C9 /* Profile ViewViewController.swift */ = {isa = PBXFileReference; lastKnownFileType = sourcecode.swift; path = "Profile ViewViewController.swift"; sourceTree = "<group>"; };
		98D4CF9F26A385E100E360C9 /* ConnectionsView.swift */ = {isa = PBXFileReference; lastKnownFileType = sourcecode.swift; path = ConnectionsView.swift; sourceTree = "<group>"; };
		98D4CFA126A385ED00E360C9 /* Settings View.swift */ = {isa = PBXFileReference; lastKnownFileType = sourcecode.swift; path = "Settings View.swift"; sourceTree = "<group>"; };
		98D4CFA326A386EC00E360C9 /* user_obj.h */ = {isa = PBXFileReference; lastKnownFileType = sourcecode.c.h; path = user_obj.h; sourceTree = "<group>"; };
		98D4CFA426A386F600E360C9 /* usr_obj.m */ = {isa = PBXFileReference; lastKnownFileType = sourcecode.c.objc; path = usr_obj.m; sourceTree = "<group>"; };
/* End PBXFileReference section */

/* Begin PBXFrameworksBuildPhase section */
		98258A272671D8C600567BC4 /* Frameworks */ = {
			isa = PBXFrameworksBuildPhase;
			buildActionMask = 2147483647;
			files = (
				98284AD2268796600018AE4D /* MapKit.framework in Frameworks */,
			);
			runOnlyForDeploymentPostprocessing = 0;
		};
/* End PBXFrameworksBuildPhase section */

/* Begin PBXGroup section */
		98258A212671D8C600567BC4 = {
			isa = PBXGroup;
			children = (
				98258A2C2671D8C600567BC4 /* Loot */,
				98258A2B2671D8C600567BC4 /* Products */,
				98284AD02687965F0018AE4D /* Frameworks */,
			);
			sourceTree = "<group>";
		};
		98258A2B2671D8C600567BC4 /* Products */ = {
			isa = PBXGroup;
			children = (
				98258A2A2671D8C600567BC4 /* Loot.app */,
			);
			name = Products;
			sourceTree = "<group>";
		};
		98258A2C2671D8C600567BC4 /* Loot */ = {
			isa = PBXGroup;
			children = (
				98D4CF96269FF89500E360C9 /* Extensions */,
				98D4CF93269FF1E100E360C9 /* Managers */,
				98258A2D2671D8C600567BC4 /* AppDelegate.h */,
				98258A2E2671D8C600567BC4 /* AppDelegate.m */,
				98258A302671D8C600567BC4 /* SceneDelegate.h */,
				98258A312671D8C600567BC4 /* SceneDelegate.m */,
				98258A332671D8C600567BC4 /* ViewController.h */,
				98258A342671D8C600567BC4 /* ViewController.m */,
				98D4CF9B269FFE3400E360C9 /* DashView.swift */,
				98D4CF9D26A37DD800E360C9 /* Profile ViewViewController.swift */,
				98D4CF9F26A385E100E360C9 /* ConnectionsView.swift */,
				98D4CFA126A385ED00E360C9 /* Settings View.swift */,
				98258A362671D8C600567BC4 /* Main.storyboard */,
				98258A392671D8C800567BC4 /* Assets.xcassets */,
				98258A3B2671D8C800567BC4 /* LaunchScreen.storyboard */,
				98258A3E2671D8C800567BC4 /* Info.plist */,
				98258A3F2671D8C800567BC4 /* main.m */,
				98258A472671DB0800567BC4 /* Loot-Bridging-Header.h */,
				98258A4B2671DB6300567BC4 /* Factor.h */,
				98D4CFA326A386EC00E360C9 /* user_obj.h */,
				98D4CFA426A386F600E360C9 /* usr_obj.m */,
				98258A4C2671DB7100567BC4 /* Factor.m */,
			);
			path = Loot;
			sourceTree = "<group>";
		};
		98284AD02687965F0018AE4D /* Frameworks */ = {
			isa = PBXGroup;
			children = (
				98284AD12687965F0018AE4D /* MapKit.framework */,
			);
			name = Frameworks;
			sourceTree = "<group>";
		};
		98D4CF93269FF1E100E360C9 /* Managers */ = {
			isa = PBXGroup;
			children = (
			);
			path = Managers;
			sourceTree = "<group>";
		};
		98D4CF96269FF89500E360C9 /* Extensions */ = {
			isa = PBXGroup;
			children = (
				98D4CF97269FF8AE00E360C9 /* MKCoordinateRegion+Extension.swift */,
			);
			path = Extensions;
			sourceTree = "<group>";
		};
/* End PBXGroup section */

/* Begin PBXNativeTarget section */
		98258A292671D8C600567BC4 /* Loot */ = {
			isa = PBXNativeTarget;
			buildConfigurationList = 98258A432671D8C800567BC4 /* Build configuration list for PBXNativeTarget "Loot" */;
			buildPhases = (
				98258A262671D8C600567BC4 /* Sources */,
				98258A272671D8C600567BC4 /* Frameworks */,
				98258A282671D8C600567BC4 /* Resources */,
			);
			buildRules = (
			);
			dependencies = (
			);
			name = Loot;
			productName = Loot;
			productReference = 98258A2A2671D8C600567BC4 /* Loot.app */;
			productType = "com.apple.product-type.application";
		};
/* End PBXNativeTarget section */

/* Begin PBXProject section */
		98258A222671D8C600567BC4 /* Project object */ = {
			isa = PBXProject;
			attributes = {
				LastUpgradeCheck = 1240;
				TargetAttributes = {
					98258A292671D8C600567BC4 = {
						CreatedOnToolsVersion = 12.4;
						LastSwiftMigration = 1240;
					};
				};
			};
			buildConfigurationList = 98258A252671D8C600567BC4 /* Build configuration list for PBXProject "Loot" */;
			compatibilityVersion = "Xcode 9.3";
			developmentRegion = en;
			hasScannedForEncodings = 0;
			knownRegions = (
				en,
				Base,
			);
			mainGroup = 98258A212671D8C600567BC4;
			productRefGroup = 98258A2B2671D8C600567BC4 /* Products */;
			projectDirPath = "";
			projectRoot = "";
			targets = (
				98258A292671D8C600567BC4 /* Loot */,
			);
		};
/* End PBXProject section */

/* Begin PBXResourcesBuildPhase section */
		98258A282671D8C600567BC4 /* Resources */ = {
			isa = PBXResourcesBuildPhase;
			buildActionMask = 2147483647;
			files = (
				98258A3D2671D8C800567BC4 /* LaunchScreen.storyboard in Resources */,
				98258A3A2671D8C800567BC4 /* Assets.xcassets in Resources */,
				98258A382671D8C600567BC4 /* Main.storyboard in Resources */,
			);
			runOnlyForDeploymentPostprocessing = 0;
		};
/* End PBXResourcesBuildPhase section */

/* Begin PBXSourcesBuildPhase section */
		98258A262671D8C600567BC4 /* Sources */ = {
			isa = PBXSourcesBuildPhase;
			buildActionMask = 2147483647;
			files = (
				98258A352671D8C600567BC4 /* ViewController.m in Sources */,
				98258A2F2671D8C600567BC4 /* AppDelegate.m in Sources */,
				98258A4D2671DB7100567BC4 /* Factor.m in Sources */,
				98D4CFA526A386F600E360C9 /* usr_obj.m in Sources */,
				98D4CFA026A385E100E360C9 /* ConnectionsView.swift in Sources */,
				98258A402671D8C800567BC4 /* main.m in Sources */,
				98D4CF9E26A37DD800E360C9 /* Profile ViewViewController.swift in Sources */,
				98D4CFA226A385ED00E360C9 /* Settings View.swift in Sources */,
				98D4CF9C269FFE3400E360C9 /* DashView.swift in Sources */,
				98D4CF98269FF8AE00E360C9 /* MKCoordinateRegion+Extension.swift in Sources */,
				98258A322671D8C600567BC4 /* SceneDelegate.m in Sources */,
			);
			runOnlyForDeploymentPostprocessing = 0;
		};
/* End PBXSourcesBuildPhase section */

/* Begin PBXVariantGroup section */
		98258A362671D8C600567BC4 /* Main.storyboard */ = {
			isa = PBXVariantGroup;
			children = (
				98258A372671D8C600567BC4 /* Base */,
			);
			name = Main.storyboard;
			sourceTree = "<group>";
		};
		98258A3B2671D8C800567BC4 /* LaunchScreen.storyboard */ = {
			isa = PBXVariantGroup;
			children = (
				98258A3C2671D8C800567BC4 /* Base */,
			);
			name = LaunchScreen.storyboard;
			sourceTree = "<group>";
		};
/* End PBXVariantGroup section */

/* Begin XCBuildConfiguration section */
		98258A412671D8C800567BC4 /* Debug */ = {
			isa = XCBuildConfiguration;
			buildSettings = {
				ALWAYS_SEARCH_USER_PATHS = NO;
				CLANG_ANALYZER_NONNULL = YES;
				CLANG_ANALYZER_NUMBER_OBJECT_CONVERSION = YES_AGGRESSIVE;
				CLANG_CXX_LANGUAGE_STANDARD = "gnu++14";
				CLANG_CXX_LIBRARY = "libc++";
				CLANG_ENABLE_MODULES = YES;
				CLANG_ENABLE_OBJC_ARC = YES;
				CLANG_ENABLE_OBJC_WEAK = YES;
				CLANG_WARN_BLOCK_CAPTURE_AUTORELEASING = YES;
				CLANG_WARN_BOOL_CONVERSION = YES;
				CLANG_WARN_COMMA = YES;
				CLANG_WARN_CONSTANT_CONVERSION = YES;
				CLANG_WARN_DEPRECATED_OBJC_IMPLEMENTATIONS = YES;
				CLANG_WARN_DIRECT_OBJC_ISA_USAGE = YES_ERROR;
				CLANG_WARN_DOCUMENTATION_COMMENTS = YES;
				CLANG_WARN_EMPTY_BODY = YES;
				CLANG_WARN_ENUM_CONVERSION = YES;
				CLANG_WARN_INFINITE_RECURSION = YES;
				CLANG_WARN_INT_CONVERSION = YES;
				CLANG_WARN_NON_LITERAL_NULL_CONVERSION = YES;
				CLANG_WARN_OBJC_IMPLICIT_RETAIN_SELF = YES;
				CLANG_WARN_OBJC_LITERAL_CONVERSION = YES;
				CLANG_WARN_OBJC_ROOT_CLASS = YES_ERROR;
				CLANG_WARN_QUOTED_INCLUDE_IN_FRAMEWORK_HEADER = YES;
				CLANG_WARN_RANGE_LOOP_ANALYSIS = YES;
				CLANG_WARN_STRICT_PROTOTYPES = YES;
				CLANG_WARN_SUSPICIOUS_MOVE = YES;
				CLANG_WARN_UNGUARDED_AVAILABILITY = YES_AGGRESSIVE;
				CLANG_WARN_UNREACHABLE_CODE = YES;
				CLANG_WARN__DUPLICATE_METHOD_MATCH = YES;
				COPY_PHASE_STRIP = NO;
				DEBUG_INFORMATION_FORMAT = dwarf;
				ENABLE_STRICT_OBJC_MSGSEND = YES;
				ENABLE_TESTABILITY = YES;
				GCC_C_LANGUAGE_STANDARD = gnu11;
				GCC_DYNAMIC_NO_PIC = NO;
				GCC_NO_COMMON_BLOCKS = YES;
				GCC_OPTIMIZATION_LEVEL = 0;
				GCC_PREPROCESSOR_DEFINITIONS = (
					"DEBUG=1",
					"$(inherited)",
				);
				GCC_WARN_64_TO_32_BIT_CONVERSION = YES;
				GCC_WARN_ABOUT_RETURN_TYPE = YES_ERROR;
				GCC_WARN_UNDECLARED_SELECTOR = YES;
				GCC_WARN_UNINITIALIZED_AUTOS = YES_AGGRESSIVE;
				GCC_WARN_UNUSED_FUNCTION = YES;
				GCC_WARN_UNUSED_VARIABLE = YES;
				IPHONEOS_DEPLOYMENT_TARGET = 14.4;
				MTL_ENABLE_DEBUG_INFO = INCLUDE_SOURCE;
				MTL_FAST_MATH = YES;
				ONLY_ACTIVE_ARCH = YES;
				SDKROOT = iphoneos;
			};
			name = Debug;
		};
		98258A422671D8C800567BC4 /* Release */ = {
			isa = XCBuildConfiguration;
			buildSettings = {
				ALWAYS_SEARCH_USER_PATHS = NO;
				CLANG_ANALYZER_NONNULL = YES;
				CLANG_ANALYZER_NUMBER_OBJECT_CONVERSION = YES_AGGRESSIVE;
				CLANG_CXX_LANGUAGE_STANDARD = "gnu++14";
				CLANG_CXX_LIBRARY = "libc++";
				CLANG_ENABLE_MODULES = YES;
				CLANG_ENABLE_OBJC_ARC = YES;
				CLANG_ENABLE_OBJC_WEAK = YES;
				CLANG_WARN_BLOCK_CAPTURE_AUTORELEASING = YES;
				CLANG_WARN_BOOL_CONVERSION = YES;
				CLANG_WARN_COMMA = YES;
				CLANG_WARN_CONSTANT_CONVERSION = YES;
				CLANG_WARN_DEPRECATED_OBJC_IMPLEMENTATIONS = YES;
				CLANG_WARN_DIRECT_OBJC_ISA_USAGE = YES_ERROR;
				CLANG_WARN_DOCUMENTATION_COMMENTS = YES;
				CLANG_WARN_EMPTY_BODY = YES;
				CLANG_WARN_ENUM_CONVERSION = YES;
				CLANG_WARN_INFINITE_RECURSION = YES;
				CLANG_WARN_INT_CONVERSION = YES;
				CLANG_WARN_NON_LITERAL_NULL_CONVERSION = YES;
				CLANG_WARN_OBJC_IMPLICIT_RETAIN_SELF = YES;
				CLANG_WARN_OBJC_LITERAL_CONVERSION = YES;
				CLANG_WARN_OBJC_ROOT_CLASS = YES_ERROR;
				CLANG_WARN_QUOTED_INCLUDE_IN_FRAMEWORK_HEADER = YES;
				CLANG_WARN_RANGE_LOOP_ANALYSIS = YES;
				CLANG_WARN_STRICT_PROTOTYPES = YES;
				CLANG_WARN_SUSPICIOUS_MOVE = YES;
				CLANG_WARN_UNGUARDED_AVAILABILITY = YES_AGGRESSIVE;
				CLANG_WARN_UNREACHABLE_CODE = YES;
				CLANG_WARN__DUPLICATE_METHOD_MATCH = YES;
				COPY_PHASE_STRIP = NO;
				DEBUG_INFORMATION_FORMAT = "dwarf-with-dsym";
				ENABLE_NS_ASSERTIONS = NO;
				ENABLE_STRICT_OBJC_MSGSEND = YES;
				GCC_C_LANGUAGE_STANDARD = gnu11;
				GCC_NO_COMMON_BLOCKS = YES;
				GCC_WARN_64_TO_32_BIT_CONVERSION = YES;
				GCC_WARN_ABOUT_RETURN_TYPE = YES_ERROR;
				GCC_WARN_UNDECLARED_SELECTOR = YES;
				GCC_WARN_UNINITIALIZED_AUTOS = YES_AGGRESSIVE;
				GCC_WARN_UNUSED_FUNCTION = YES;
				GCC_WARN_UNUSED_VARIABLE = YES;
				IPHONEOS_DEPLOYMENT_TARGET = 14.4;
				MTL_ENABLE_DEBUG_INFO = NO;
				MTL_FAST_MATH = YES;
				SDKROOT = iphoneos;
				VALIDATE_PRODUCT = YES;
			};
			name = Release;
		};
		98258A442671D8C800567BC4 /* Debug */ = {
			isa = XCBuildConfiguration;
			buildSettings = {
				ASSETCATALOG_COMPILER_APPICON_NAME = AppIcon;
				ASSETCATALOG_COMPILER_GLOBAL_ACCENT_COLOR_NAME = AccentColor;
				CLANG_ENABLE_MODULES = YES;
				CODE_SIGN_STYLE = Automatic;
				DEVELOPMENT_TEAM = V3VXKS6M8P;
				INFOPLIST_FILE = Loot/Info.plist;
				LD_RUNPATH_SEARCH_PATHS = (
					"$(inherited)",
					"@executable_path/Frameworks",
				);
				PRODUCT_BUNDLE_IDENTIFIER = pipBoy.Loot;
				PRODUCT_NAME = "$(TARGET_NAME)";
				SWIFT_OBJC_BRIDGING_HEADER = "Loot/Loot-Bridging-Header.h";
				SWIFT_OPTIMIZATION_LEVEL = "-Onone";
				SWIFT_VERSION = 5.0;
				TARGETED_DEVICE_FAMILY = "1,2";
			};
			name = Debug;
		};
		98258A452671D8C800567BC4 /* Release */ = {
			isa = XCBuildConfiguration;
			buildSettings = {
				ASSETCATALOG_COMPILER_APPICON_NAME = AppIcon;
				ASSETCATALOG_COMPILER_GLOBAL_ACCENT_COLOR_NAME = AccentColor;
				CLANG_ENABLE_MODULES = YES;
				CODE_SIGN_STYLE = Automatic;
				DEVELOPMENT_TEAM = V3VXKS6M8P;
				INFOPLIST_FILE = Loot/Info.plist;
				LD_RUNPATH_SEARCH_PATHS = (
					"$(inherited)",
					"@executable_path/Frameworks",
				);
				PRODUCT_BUNDLE_IDENTIFIER = pipBoy.Loot;
				PRODUCT_NAME = "$(TARGET_NAME)";
				SWIFT_OBJC_BRIDGING_HEADER = "Loot/Loot-Bridging-Header.h";
				SWIFT_VERSION = 5.0;
				TARGETED_DEVICE_FAMILY = "1,2";
			};
			name = Release;
		};
/* End XCBuildConfiguration section */

/* Begin XCConfigurationList section */
		98258A252671D8C600567BC4 /* Build configuration list for PBXProject "Loot" */ = {
			isa = XCConfigurationList;
			buildConfigurations = (
				98258A412671D8C800567BC4 /* Debug */,
				98258A422671D8C800567BC4 /* Release */,
			);
			defaultConfigurationIsVisible = 0;
			defaultConfigurationName = Release;
		};
		98258A432671D8C800567BC4 /* Build configuration list for PBXNativeTarget "Loot" */ = {
			isa = XCConfigurationList;
			buildConfigurations = (
				98258A442671D8C800567BC4 /* Debug */,
				98258A452671D8C800567BC4 /* Release */,
			);
			defaultConfigurationIsVisible = 0;
			defaultConfigurationName = Release;
		};
/* End XCConfigurationList section */
	};
	rootObject = 98258A222671D8C600567BC4 /* Project object */;
}
